// !$*UTF8*$!
{
	archiveVersion = 1;
	classes = {
	};
	objectVersion = 56;
	objects = {

/* Begin PBXBuildFile section */
		2E2BC23AA078CD6E9AA4D8E4 /* Pods_OnTheMapV_2.framework in Frameworks */ = {isa = PBXBuildFile; fileRef = B381584C937FC7DB3902B43F /* Pods_OnTheMapV_2.framework */; };
		441749B92948ACE40054174F /* TableTabbedViewController.swift in Sources */ = {isa = PBXBuildFile; fileRef = 441749B82948ACE40054174F /* TableTabbedViewController.swift */; };
		442120BF29565B3600E385C5 /* Sources.swift in Sources */ = {isa = PBXBuildFile; fileRef = 442120BE29565B3600E385C5 /* Sources.swift */; };
		44C3E1A92938FC2C00B89909 /* AppDelegate.swift in Sources */ = {isa = PBXBuildFile; fileRef = 44C3E1A82938FC2C00B89909 /* AppDelegate.swift */; };
		44C3E1AB2938FC2C00B89909 /* SceneDelegate.swift in Sources */ = {isa = PBXBuildFile; fileRef = 44C3E1AA2938FC2C00B89909 /* SceneDelegate.swift */; };
		44C3E1B02938FC2C00B89909 /* Main.storyboard in Resources */ = {isa = PBXBuildFile; fileRef = 44C3E1AE2938FC2C00B89909 /* Main.storyboard */; };
		44C3E1B22938FC2D00B89909 /* Assets.xcassets in Resources */ = {isa = PBXBuildFile; fileRef = 44C3E1B12938FC2D00B89909 /* Assets.xcassets */; };
		44C3E1B52938FC2D00B89909 /* LaunchScreen.storyboard in Resources */ = {isa = PBXBuildFile; fileRef = 44C3E1B32938FC2D00B89909 /* LaunchScreen.storyboard */; };
		44CEA38F293D51DF00E4D8B6 /* PostStudentLocationResponse.swift in Sources */ = {isa = PBXBuildFile; fileRef = 44CEA38E293D51DF00E4D8B6 /* PostStudentLocationResponse.swift */; };
		44CEA3D1293E032700E4D8B6 /* LoginViewController.swift in Sources */ = {isa = PBXBuildFile; fileRef = 44CEA3D0293E032700E4D8B6 /* LoginViewController.swift */; };
		44CEA3D3293E264400E4D8B6 /* UIViewController+Extension.swift in Sources */ = {isa = PBXBuildFile; fileRef = 44CEA3D2293E264400E4D8B6 /* UIViewController+Extension.swift */; };
		44CEA3D5293E3BB300E4D8B6 /* ErrorResponse.swift in Sources */ = {isa = PBXBuildFile; fileRef = 44CEA3D4293E3BB300E4D8B6 /* ErrorResponse.swift */; };
		44CEA3D7293E564900E4D8B6 /* LoginRequest.swift in Sources */ = {isa = PBXBuildFile; fileRef = 44CEA3D6293E564900E4D8B6 /* LoginRequest.swift */; };
		44CEA3D9293F702B00E4D8B6 /* PostSessionResponse.swift in Sources */ = {isa = PBXBuildFile; fileRef = 44CEA3D8293F702B00E4D8B6 /* PostSessionResponse.swift */; };
		44CEA3DB29409EEA00E4D8B6 /* GetPublicUserDataResponse.swift in Sources */ = {isa = PBXBuildFile; fileRef = 44CEA3DA29409EEA00E4D8B6 /* GetPublicUserDataResponse.swift */; };
		44CEA3DD2940F19600E4D8B6 /* DeleteLogoutResponse.swift in Sources */ = {isa = PBXBuildFile; fileRef = 44CEA3DC2940F19600E4D8B6 /* DeleteLogoutResponse.swift */; };
		44CEA3E32942875A00E4D8B6 /* PutUpdateStudentLocationResponse.swift in Sources */ = {isa = PBXBuildFile; fileRef = 44CEA3E22942875A00E4D8B6 /* PutUpdateStudentLocationResponse.swift */; };
		44CEA3E529439E4400E4D8B6 /* MapTabbedViewController.swift in Sources */ = {isa = PBXBuildFile; fileRef = 44CEA3E429439E4400E4D8B6 /* MapTabbedViewController.swift */; };
		44CEA3E72946359600E4D8B6 /* ConfirmLocationViewController.swift in Sources */ = {isa = PBXBuildFile; fileRef = 44CEA3E62946359600E4D8B6 /* ConfirmLocationViewController.swift */; };
		44CEA3E929463C4000E4D8B6 /* PinLocationToConfirm.swift in Sources */ = {isa = PBXBuildFile; fileRef = 44CEA3E829463C4000E4D8B6 /* PinLocationToConfirm.swift */; };
		44CEA3EB29466CF100E4D8B6 /* AddLocationViewController.swift in Sources */ = {isa = PBXBuildFile; fileRef = 44CEA3EA29466CF100E4D8B6 /* AddLocationViewController.swift */; };
		44D01DBA293B5B0000E99A02 /* GetStudentInformation.swift in Sources */ = {isa = PBXBuildFile; fileRef = 44D01DB9293B5B0000E99A02 /* GetStudentInformation.swift */; };
		44D01DBC293B660B00E99A02 /* ProjectSpecification.swift in Sources */ = {isa = PBXBuildFile; fileRef = 44D01DBB293B660B00E99A02 /* ProjectSpecification.swift */; };
		44D01DBE293B6F9E00E99A02 /* StudenInformationModel.swift in Sources */ = {isa = PBXBuildFile; fileRef = 44D01DBD293B6F9E00E99A02 /* StudenInformationModel.swift */; };
		44D01DC0293B79D200E99A02 /* ClientUdacityApi.swift in Sources */ = {isa = PBXBuildFile; fileRef = 44D01DBF293B79D200E99A02 /* ClientUdacityApi.swift */; };
/* End PBXBuildFile section */

/* Begin PBXFileReference section */
		441749B82948ACE40054174F /* TableTabbedViewController.swift */ = {isa = PBXFileReference; lastKnownFileType = sourcecode.swift; path = TableTabbedViewController.swift; sourceTree = "<group>"; };
		442120BD2955343500E385C5 /* OnTheMapV.2.entitlements */ = {isa = PBXFileReference; lastKnownFileType = text.plist.entitlements; path = OnTheMapV.2.entitlements; sourceTree = "<group>"; };
		442120BE29565B3600E385C5 /* Sources.swift */ = {isa = PBXFileReference; lastKnownFileType = sourcecode.swift; name = Sources.swift; path = OnTheMapV.2/Sources.swift; sourceTree = SOURCE_ROOT; };
		44C3E1A52938FC2C00B89909 /* OnTheMapV.2.app */ = {isa = PBXFileReference; explicitFileType = wrapper.application; includeInIndex = 0; path = OnTheMapV.2.app; sourceTree = BUILT_PRODUCTS_DIR; };
		44C3E1A82938FC2C00B89909 /* AppDelegate.swift */ = {isa = PBXFileReference; lastKnownFileType = sourcecode.swift; path = AppDelegate.swift; sourceTree = "<group>"; };
		44C3E1AA2938FC2C00B89909 /* SceneDelegate.swift */ = {isa = PBXFileReference; lastKnownFileType = sourcecode.swift; path = SceneDelegate.swift; sourceTree = "<group>"; };
		44C3E1AF2938FC2C00B89909 /* Base */ = {isa = PBXFileReference; lastKnownFileType = file.storyboard; name = Base; path = Base.lproj/Main.storyboard; sourceTree = "<group>"; };
		44C3E1B12938FC2D00B89909 /* Assets.xcassets */ = {isa = PBXFileReference; lastKnownFileType = folder.assetcatalog; path = Assets.xcassets; sourceTree = "<group>"; };
		44C3E1B42938FC2D00B89909 /* Base */ = {isa = PBXFileReference; lastKnownFileType = file.storyboard; name = Base; path = Base.lproj/LaunchScreen.storyboard; sourceTree = "<group>"; };
		44C3E1B62938FC2D00B89909 /* Info.plist */ = {isa = PBXFileReference; lastKnownFileType = text.plist.xml; path = Info.plist; sourceTree = "<group>"; };
		44CEA38E293D51DF00E4D8B6 /* PostStudentLocationResponse.swift */ = {isa = PBXFileReference; lastKnownFileType = sourcecode.swift; path = PostStudentLocationResponse.swift; sourceTree = "<group>"; };
		44CEA3D0293E032700E4D8B6 /* LoginViewController.swift */ = {isa = PBXFileReference; lastKnownFileType = sourcecode.swift; path = LoginViewController.swift; sourceTree = "<group>"; };
		44CEA3D2293E264400E4D8B6 /* UIViewController+Extension.swift */ = {isa = PBXFileReference; lastKnownFileType = sourcecode.swift; path = "UIViewController+Extension.swift"; sourceTree = "<group>"; };
		44CEA3D4293E3BB300E4D8B6 /* ErrorResponse.swift */ = {isa = PBXFileReference; lastKnownFileType = sourcecode.swift; path = ErrorResponse.swift; sourceTree = "<group>"; };
		44CEA3D6293E564900E4D8B6 /* LoginRequest.swift */ = {isa = PBXFileReference; lastKnownFileType = sourcecode.swift; path = LoginRequest.swift; sourceTree = "<group>"; };
		44CEA3D8293F702B00E4D8B6 /* PostSessionResponse.swift */ = {isa = PBXFileReference; lastKnownFileType = sourcecode.swift; path = PostSessionResponse.swift; sourceTree = "<group>"; };
		44CEA3DA29409EEA00E4D8B6 /* GetPublicUserDataResponse.swift */ = {isa = PBXFileReference; lastKnownFileType = sourcecode.swift; path = GetPublicUserDataResponse.swift; sourceTree = "<group>"; };
		44CEA3DC2940F19600E4D8B6 /* DeleteLogoutResponse.swift */ = {isa = PBXFileReference; lastKnownFileType = sourcecode.swift; path = DeleteLogoutResponse.swift; sourceTree = "<group>"; };
		44CEA3E22942875A00E4D8B6 /* PutUpdateStudentLocationResponse.swift */ = {isa = PBXFileReference; lastKnownFileType = sourcecode.swift; path = PutUpdateStudentLocationResponse.swift; sourceTree = "<group>"; };
		44CEA3E429439E4400E4D8B6 /* MapTabbedViewController.swift */ = {isa = PBXFileReference; lastKnownFileType = sourcecode.swift; path = MapTabbedViewController.swift; sourceTree = "<group>"; };
		44CEA3E62946359600E4D8B6 /* ConfirmLocationViewController.swift */ = {isa = PBXFileReference; lastKnownFileType = sourcecode.swift; path = ConfirmLocationViewController.swift; sourceTree = "<group>"; };
		44CEA3E829463C4000E4D8B6 /* PinLocationToConfirm.swift */ = {isa = PBXFileReference; lastKnownFileType = sourcecode.swift; path = PinLocationToConfirm.swift; sourceTree = "<group>"; };
		44CEA3EA29466CF100E4D8B6 /* AddLocationViewController.swift */ = {isa = PBXFileReference; lastKnownFileType = sourcecode.swift; path = AddLocationViewController.swift; sourceTree = "<group>"; };
		44D01DB9293B5B0000E99A02 /* GetStudentInformation.swift */ = {isa = PBXFileReference; lastKnownFileType = sourcecode.swift; path = GetStudentInformation.swift; sourceTree = "<group>"; };
		44D01DBB293B660B00E99A02 /* ProjectSpecification.swift */ = {isa = PBXFileReference; lastKnownFileType = sourcecode.swift; path = ProjectSpecification.swift; sourceTree = "<group>"; };
		44D01DBD293B6F9E00E99A02 /* StudenInformationModel.swift */ = {isa = PBXFileReference; lastKnownFileType = sourcecode.swift; path = StudenInformationModel.swift; sourceTree = "<group>"; };
		44D01DBF293B79D200E99A02 /* ClientUdacityApi.swift */ = {isa = PBXFileReference; lastKnownFileType = sourcecode.swift; path = ClientUdacityApi.swift; sourceTree = "<group>"; };
		681073E38297C8C784324643 /* Pods-OnTheMapV.2.debug.xcconfig */ = {isa = PBXFileReference; includeInIndex = 1; lastKnownFileType = text.xcconfig; name = "Pods-OnTheMapV.2.debug.xcconfig"; path = "Target Support Files/Pods-OnTheMapV.2/Pods-OnTheMapV.2.debug.xcconfig"; sourceTree = "<group>"; };
		781E355F1D3F207BBE518962 /* Pods-OnTheMapV.2.release.xcconfig */ = {isa = PBXFileReference; includeInIndex = 1; lastKnownFileType = text.xcconfig; name = "Pods-OnTheMapV.2.release.xcconfig"; path = "Target Support Files/Pods-OnTheMapV.2/Pods-OnTheMapV.2.release.xcconfig"; sourceTree = "<group>"; };
		B381584C937FC7DB3902B43F /* Pods_OnTheMapV_2.framework */ = {isa = PBXFileReference; explicitFileType = wrapper.framework; includeInIndex = 0; path = Pods_OnTheMapV_2.framework; sourceTree = BUILT_PRODUCTS_DIR; };
/* End PBXFileReference section */

/* Begin PBXFrameworksBuildPhase section */
		44C3E1A22938FC2C00B89909 /* Frameworks */ = {
			isa = PBXFrameworksBuildPhase;
			buildActionMask = 2147483647;
			files = (
				2E2BC23AA078CD6E9AA4D8E4 /* Pods_OnTheMapV_2.framework in Frameworks */,
			);
			runOnlyForDeploymentPostprocessing = 0;
		};
/* End PBXFrameworksBuildPhase section */

/* Begin PBXGroup section */
		3CA13D2A2A492985071A0A3B /* Frameworks */ = {
			isa = PBXGroup;
			children = (
				B381584C937FC7DB3902B43F /* Pods_OnTheMapV_2.framework */,
			);
			name = Frameworks;
			sourceTree = "<group>";
		};
		44C3E19C2938FC2C00B89909 = {
			isa = PBXGroup;
			children = (
				44C3E1A72938FC2C00B89909 /* OnTheMapV.2 */,
				44C3E1A62938FC2C00B89909 /* Products */,
				E6ACBFEB752BA5DBE2502F54 /* Pods */,
				3CA13D2A2A492985071A0A3B /* Frameworks */,
			);
			sourceTree = "<group>";
		};
		44C3E1A62938FC2C00B89909 /* Products */ = {
			isa = PBXGroup;
			children = (
				44C3E1A52938FC2C00B89909 /* OnTheMapV.2.app */,
			);
			name = Products;
			sourceTree = "<group>";
		};
		44C3E1A72938FC2C00B89909 /* OnTheMapV.2 */ = {
			isa = PBXGroup;
			children = (
				442120BD2955343500E385C5 /* OnTheMapV.2.entitlements */,
				44C3E1A82938FC2C00B89909 /* AppDelegate.swift */,
				44C3E1AA2938FC2C00B89909 /* SceneDelegate.swift */,
				44D01DB1293B51ED00E99A02 /* MODEL */,
				44D01DB2293B521400E99A02 /* VIEW */,
				44D01DB3293B522C00E99A02 /* CONTROLLER */,
				44C3E1B12938FC2D00B89909 /* Assets.xcassets */,
				44C3E1B32938FC2D00B89909 /* LaunchScreen.storyboard */,
				44C3E1B62938FC2D00B89909 /* Info.plist */,
				44D01DBB293B660B00E99A02 /* ProjectSpecification.swift */,
				442120BE29565B3600E385C5 /* Sources.swift */,
			);
			path = OnTheMapV.2;
			sourceTree = "<group>";
		};
		44D01DB1293B51ED00E99A02 /* MODEL */ = {
			isa = PBXGroup;
			children = (
				44D01DB4293B573B00E99A02 /* Data */,
				44D01DB6293B579E00E99A02 /* ClientUdacityApi */,
				44D01DB7293B57C100E99A02 /* RequestsUdacityApi */,
				44D01DB8293B580400E99A02 /* ResponsesUdacityApi */,
			);
			path = MODEL;
			sourceTree = "<group>";
		};
		44D01DB2293B521400E99A02 /* VIEW */ = {
			isa = PBXGroup;
			children = (
				44C3E1AE2938FC2C00B89909 /* Main.storyboard */,
				44CEA3E829463C4000E4D8B6 /* PinLocationToConfirm.swift */,
			);
			path = VIEW;
			sourceTree = "<group>";
		};
		44D01DB3293B522C00E99A02 /* CONTROLLER */ = {
			isa = PBXGroup;
			children = (
				44CEA3D0293E032700E4D8B6 /* LoginViewController.swift */,
				44CEA3E429439E4400E4D8B6 /* MapTabbedViewController.swift */,
				441749B82948ACE40054174F /* TableTabbedViewController.swift */,
				44CEA3EA29466CF100E4D8B6 /* AddLocationViewController.swift */,
				44CEA3E62946359600E4D8B6 /* ConfirmLocationViewController.swift */,
				44CEA3D2293E264400E4D8B6 /* UIViewController+Extension.swift */,
			);
			path = CONTROLLER;
			sourceTree = "<group>";
		};
		44D01DB4293B573B00E99A02 /* Data */ = {
			isa = PBXGroup;
			children = (
				44D01DBD293B6F9E00E99A02 /* StudenInformationModel.swift */,
			);
			path = Data;
			sourceTree = "<group>";
		};
		44D01DB6293B579E00E99A02 /* ClientUdacityApi */ = {
			isa = PBXGroup;
			children = (
				44D01DBF293B79D200E99A02 /* ClientUdacityApi.swift */,
			);
			path = ClientUdacityApi;
			sourceTree = "<group>";
		};
		44D01DB7293B57C100E99A02 /* RequestsUdacityApi */ = {
			isa = PBXGroup;
			children = (
				44CEA3D6293E564900E4D8B6 /* LoginRequest.swift */,
			);
			path = RequestsUdacityApi;
			sourceTree = "<group>";
		};
		44D01DB8293B580400E99A02 /* ResponsesUdacityApi */ = {
			isa = PBXGroup;
			children = (
				44D01DB9293B5B0000E99A02 /* GetStudentInformation.swift */,
				44CEA3DA29409EEA00E4D8B6 /* GetPublicUserDataResponse.swift */,
				44CEA38E293D51DF00E4D8B6 /* PostStudentLocationResponse.swift */,
				44CEA3D8293F702B00E4D8B6 /* PostSessionResponse.swift */,
				44CEA3E22942875A00E4D8B6 /* PutUpdateStudentLocationResponse.swift */,
				44CEA3DC2940F19600E4D8B6 /* DeleteLogoutResponse.swift */,
				44CEA3D4293E3BB300E4D8B6 /* ErrorResponse.swift */,
			);
			path = ResponsesUdacityApi;
			sourceTree = "<group>";
		};
		E6ACBFEB752BA5DBE2502F54 /* Pods */ = {
			isa = PBXGroup;
			children = (
				681073E38297C8C784324643 /* Pods-OnTheMapV.2.debug.xcconfig */,
				781E355F1D3F207BBE518962 /* Pods-OnTheMapV.2.release.xcconfig */,
			);
			path = Pods;
			sourceTree = "<group>";
		};
/* End PBXGroup section */

/* Begin PBXNativeTarget section */
		44C3E1A42938FC2C00B89909 /* OnTheMapV.2 */ = {
			isa = PBXNativeTarget;
			buildConfigurationList = 44C3E1B92938FC2D00B89909 /* Build configuration list for PBXNativeTarget "OnTheMapV.2" */;
			buildPhases = (
				EA758715A4A0CFCD3F83EEED /* [CP] Check Pods Manifest.lock */,
				44C3E1A12938FC2C00B89909 /* Sources */,
				44C3E1A22938FC2C00B89909 /* Frameworks */,
				44C3E1A32938FC2C00B89909 /* Resources */,
				E4B68B86090C87CF38A5FC9D /* [CP] Embed Pods Frameworks */,
			);
			buildRules = (
			);
			dependencies = (
			);
			name = OnTheMapV.2;
			productName = OnTheMapV.1;
			productReference = 44C3E1A52938FC2C00B89909 /* OnTheMapV.2.app */;
			productType = "com.apple.product-type.application";
		};
/* End PBXNativeTarget section */

/* Begin PBXProject section */
		44C3E19D2938FC2C00B89909 /* Project object */ = {
			isa = PBXProject;
			attributes = {
				BuildIndependentTargetsInParallel = 1;
				LastSwiftUpdateCheck = 1410;
				LastUpgradeCheck = 1410;
				TargetAttributes = {
					44C3E1A42938FC2C00B89909 = {
						CreatedOnToolsVersion = 14.1;
					};
				};
			};
			buildConfigurationList = 44C3E1A02938FC2C00B89909 /* Build configuration list for PBXProject "OnTheMapV.2" */;
			compatibilityVersion = "Xcode 14.0";
			developmentRegion = en;
			hasScannedForEncodings = 0;
			knownRegions = (
				en,
				Base,
			);
			mainGroup = 44C3E19C2938FC2C00B89909;
			productRefGroup = 44C3E1A62938FC2C00B89909 /* Products */;
			projectDirPath = "";
			projectRoot = "";
			targets = (
				44C3E1A42938FC2C00B89909 /* OnTheMapV.2 */,
			);
		};
/* End PBXProject section */

/* Begin PBXResourcesBuildPhase section */
		44C3E1A32938FC2C00B89909 /* Resources */ = {
			isa = PBXResourcesBuildPhase;
			buildActionMask = 2147483647;
			files = (
				44C3E1B52938FC2D00B89909 /* LaunchScreen.storyboard in Resources */,
				44C3E1B22938FC2D00B89909 /* Assets.xcassets in Resources */,
				44C3E1B02938FC2C00B89909 /* Main.storyboard in Resources */,
			);
			runOnlyForDeploymentPostprocessing = 0;
		};
/* End PBXResourcesBuildPhase section */

/* Begin PBXShellScriptBuildPhase section */
		E4B68B86090C87CF38A5FC9D /* [CP] Embed Pods Frameworks */ = {
			isa = PBXShellScriptBuildPhase;
			buildActionMask = 2147483647;
			files = (
			);
			inputFileListPaths = (
				"${PODS_ROOT}/Target Support Files/Pods-OnTheMapV.2/Pods-OnTheMapV.2-frameworks-${CONFIGURATION}-input-files.xcfilelist",
			);
			name = "[CP] Embed Pods Frameworks";
			outputFileListPaths = (
				"${PODS_ROOT}/Target Support Files/Pods-OnTheMapV.2/Pods-OnTheMapV.2-frameworks-${CONFIGURATION}-output-files.xcfilelist",
			);
			runOnlyForDeploymentPostprocessing = 0;
			shellPath = /bin/sh;
			shellScript = "\"${PODS_ROOT}/Target Support Files/Pods-OnTheMapV.2/Pods-OnTheMapV.2-frameworks.sh\"\n";
			showEnvVarsInLog = 0;
		};
		EA758715A4A0CFCD3F83EEED /* [CP] Check Pods Manifest.lock */ = {
			isa = PBXShellScriptBuildPhase;
			buildActionMask = 2147483647;
			files = (
			);
			inputFileListPaths = (
			);
			inputPaths = (
				"${PODS_PODFILE_DIR_PATH}/Podfile.lock",
				"${PODS_ROOT}/Manifest.lock",
			);
			name = "[CP] Check Pods Manifest.lock";
			outputFileListPaths = (
			);
			outputPaths = (
				"$(DERIVED_FILE_DIR)/Pods-OnTheMapV.2-checkManifestLockResult.txt",
			);
			runOnlyForDeploymentPostprocessing = 0;
			shellPath = /bin/sh;
			shellScript = "diff \"${PODS_PODFILE_DIR_PATH}/Podfile.lock\" \"${PODS_ROOT}/Manifest.lock\" > /dev/null\nif [ $? != 0 ] ; then\n    # print error to STDERR\n    echo \"error: The sandbox is not in sync with the Podfile.lock. Run 'pod install' or update your CocoaPods installation.\" >&2\n    exit 1\nfi\n# This output is used by Xcode 'outputs' to avoid re-running this script phase.\necho \"SUCCESS\" > \"${SCRIPT_OUTPUT_FILE_0}\"\n";
			showEnvVarsInLog = 0;
		};
/* End PBXShellScriptBuildPhase section */

/* Begin PBXSourcesBuildPhase section */
		44C3E1A12938FC2C00B89909 /* Sources */ = {
			isa = PBXSourcesBuildPhase;
			buildActionMask = 2147483647;
			files = (
				44CEA3D3293E264400E4D8B6 /* UIViewController+Extension.swift in Sources */,
				44CEA3E32942875A00E4D8B6 /* PutUpdateStudentLocationResponse.swift in Sources */,
				44CEA3E529439E4400E4D8B6 /* MapTabbedViewController.swift in Sources */,
				44CEA3DB29409EEA00E4D8B6 /* GetPublicUserDataResponse.swift in Sources */,
				44CEA3D1293E032700E4D8B6 /* LoginViewController.swift in Sources */,
				44C3E1A92938FC2C00B89909 /* AppDelegate.swift in Sources */,
				44CEA3DD2940F19600E4D8B6 /* DeleteLogoutResponse.swift in Sources */,
				44D01DC0293B79D200E99A02 /* ClientUdacityApi.swift in Sources */,
				44D01DBE293B6F9E00E99A02 /* StudenInformationModel.swift in Sources */,
				44CEA3D5293E3BB300E4D8B6 /* ErrorResponse.swift in Sources */,
				44D01DBC293B660B00E99A02 /* ProjectSpecification.swift in Sources */,
				44C3E1AB2938FC2C00B89909 /* SceneDelegate.swift in Sources */,
				44D01DBA293B5B0000E99A02 /* GetStudentInformation.swift in Sources */,
				44CEA38F293D51DF00E4D8B6 /* PostStudentLocationResponse.swift in Sources */,
				44CEA3D7293E564900E4D8B6 /* LoginRequest.swift in Sources */,
				442120BF29565B3600E385C5 /* Sources.swift in Sources */,
				44CEA3E72946359600E4D8B6 /* ConfirmLocationViewController.swift in Sources */,
				44CEA3D9293F702B00E4D8B6 /* PostSessionResponse.swift in Sources */,
				44CEA3EB29466CF100E4D8B6 /* AddLocationViewController.swift in Sources */,
				44CEA3E929463C4000E4D8B6 /* PinLocationToConfirm.swift in Sources */,
				441749B92948ACE40054174F /* TableTabbedViewController.swift in Sources */,
			);
			runOnlyForDeploymentPostprocessing = 0;
		};
/* End PBXSourcesBuildPhase section */

/* Begin PBXVariantGroup section */
		44C3E1AE2938FC2C00B89909 /* Main.storyboard */ = {
			isa = PBXVariantGroup;
			children = (
				44C3E1AF2938FC2C00B89909 /* Base */,
			);
			name = Main.storyboard;
			sourceTree = "<group>";
		};
		44C3E1B32938FC2D00B89909 /* LaunchScreen.storyboard */ = {
			isa = PBXVariantGroup;
			children = (
				44C3E1B42938FC2D00B89909 /* Base */,
			);
			name = LaunchScreen.storyboard;
			sourceTree = "<group>";
		};
/* End PBXVariantGroup section */

/* Begin XCBuildConfiguration section */
		44C3E1B72938FC2D00B89909 /* Debug */ = {
			isa = XCBuildConfiguration;
			buildSettings = {
				ALWAYS_SEARCH_USER_PATHS = NO;
				CLANG_ANALYZER_NONNULL = YES;
				CLANG_ANALYZER_NUMBER_OBJECT_CONVERSION = YES_AGGRESSIVE;
				CLANG_CXX_LANGUAGE_STANDARD = "gnu++20";
				CLANG_ENABLE_MODULES = YES;
				CLANG_ENABLE_OBJC_ARC = YES;
				CLANG_ENABLE_OBJC_WEAK = YES;
				CLANG_WARN_BLOCK_CAPTURE_AUTORELEASING = YES;
				CLANG_WARN_BOOL_CONVERSION = YES;
				CLANG_WARN_COMMA = YES;
				CLANG_WARN_CONSTANT_CONVERSION = YES;
				CLANG_WARN_DEPRECATED_OBJC_IMPLEMENTATIONS = YES;
				CLANG_WARN_DIRECT_OBJC_ISA_USAGE = YES_ERROR;
				CLANG_WARN_DOCUMENTATION_COMMENTS = YES;
				CLANG_WARN_EMPTY_BODY = YES;
				CLANG_WARN_ENUM_CONVERSION = YES;
				CLANG_WARN_INFINITE_RECURSION = YES;
				CLANG_WARN_INT_CONVERSION = YES;
				CLANG_WARN_NON_LITERAL_NULL_CONVERSION = YES;
				CLANG_WARN_OBJC_IMPLICIT_RETAIN_SELF = YES;
				CLANG_WARN_OBJC_LITERAL_CONVERSION = YES;
				CLANG_WARN_OBJC_ROOT_CLASS = YES_ERROR;
				CLANG_WARN_QUOTED_INCLUDE_IN_FRAMEWORK_HEADER = YES;
				CLANG_WARN_RANGE_LOOP_ANALYSIS = YES;
				CLANG_WARN_STRICT_PROTOTYPES = YES;
				CLANG_WARN_SUSPICIOUS_MOVE = YES;
				CLANG_WARN_UNGUARDED_AVAILABILITY = YES_AGGRESSIVE;
				CLANG_WARN_UNREACHABLE_CODE = YES;
				CLANG_WARN__DUPLICATE_METHOD_MATCH = YES;
				COPY_PHASE_STRIP = NO;
				DEBUG_INFORMATION_FORMAT = dwarf;
				ENABLE_STRICT_OBJC_MSGSEND = YES;
				ENABLE_TESTABILITY = YES;
				GCC_C_LANGUAGE_STANDARD = gnu11;
				GCC_DYNAMIC_NO_PIC = NO;
				GCC_NO_COMMON_BLOCKS = YES;
				GCC_OPTIMIZATION_LEVEL = 0;
				GCC_PREPROCESSOR_DEFINITIONS = (
					"DEBUG=1",
					"$(inherited)",
				);
				GCC_WARN_64_TO_32_BIT_CONVERSION = YES;
				GCC_WARN_ABOUT_RETURN_TYPE = YES_ERROR;
				GCC_WARN_UNDECLARED_SELECTOR = YES;
				GCC_WARN_UNINITIALIZED_AUTOS = YES_AGGRESSIVE;
				GCC_WARN_UNUSED_FUNCTION = YES;
				GCC_WARN_UNUSED_VARIABLE = YES;
				IPHONEOS_DEPLOYMENT_TARGET = 16.1;
				MTL_ENABLE_DEBUG_INFO = INCLUDE_SOURCE;
				MTL_FAST_MATH = YES;
				ONLY_ACTIVE_ARCH = YES;
				SDKROOT = iphoneos;
				SWIFT_ACTIVE_COMPILATION_CONDITIONS = DEBUG;
				SWIFT_OPTIMIZATION_LEVEL = "-Onone";
			};
			name = Debug;
		};
		44C3E1B82938FC2D00B89909 /* Release */ = {
			isa = XCBuildConfiguration;
			buildSettings = {
				ALWAYS_SEARCH_USER_PATHS = NO;
				CLANG_ANALYZER_NONNULL = YES;
				CLANG_ANALYZER_NUMBER_OBJECT_CONVERSION = YES_AGGRESSIVE;
				CLANG_CXX_LANGUAGE_STANDARD = "gnu++20";
				CLANG_ENABLE_MODULES = YES;
				CLANG_ENABLE_OBJC_ARC = YES;
				CLANG_ENABLE_OBJC_WEAK = YES;
				CLANG_WARN_BLOCK_CAPTURE_AUTORELEASING = YES;
				CLANG_WARN_BOOL_CONVERSION = YES;
				CLANG_WARN_COMMA = YES;
				CLANG_WARN_CONSTANT_CONVERSION = YES;
				CLANG_WARN_DEPRECATED_OBJC_IMPLEMENTATIONS = YES;
				CLANG_WARN_DIRECT_OBJC_ISA_USAGE = YES_ERROR;
				CLANG_WARN_DOCUMENTATION_COMMENTS = YES;
				CLANG_WARN_EMPTY_BODY = YES;
				CLANG_WARN_ENUM_CONVERSION = YES;
				CLANG_WARN_INFINITE_RECURSION = YES;
				CLANG_WARN_INT_CONVERSION = YES;
				CLANG_WARN_NON_LITERAL_NULL_CONVERSION = YES;
				CLANG_WARN_OBJC_IMPLICIT_RETAIN_SELF = YES;
				CLANG_WARN_OBJC_LITERAL_CONVERSION = YES;
				CLANG_WARN_OBJC_ROOT_CLASS = YES_ERROR;
				CLANG_WARN_QUOTED_INCLUDE_IN_FRAMEWORK_HEADER = YES;
				CLANG_WARN_RANGE_LOOP_ANALYSIS = YES;
				CLANG_WARN_STRICT_PROTOTYPES = YES;
				CLANG_WARN_SUSPICIOUS_MOVE = YES;
				CLANG_WARN_UNGUARDED_AVAILABILITY = YES_AGGRESSIVE;
				CLANG_WARN_UNREACHABLE_CODE = YES;
				CLANG_WARN__DUPLICATE_METHOD_MATCH = YES;
				COPY_PHASE_STRIP = NO;
				DEBUG_INFORMATION_FORMAT = "dwarf-with-dsym";
				ENABLE_NS_ASSERTIONS = NO;
				ENABLE_STRICT_OBJC_MSGSEND = YES;
				GCC_C_LANGUAGE_STANDARD = gnu11;
				GCC_NO_COMMON_BLOCKS = YES;
				GCC_WARN_64_TO_32_BIT_CONVERSION = YES;
				GCC_WARN_ABOUT_RETURN_TYPE = YES_ERROR;
				GCC_WARN_UNDECLARED_SELECTOR = YES;
				GCC_WARN_UNINITIALIZED_AUTOS = YES_AGGRESSIVE;
				GCC_WARN_UNUSED_FUNCTION = YES;
				GCC_WARN_UNUSED_VARIABLE = YES;
				IPHONEOS_DEPLOYMENT_TARGET = 16.1;
				MTL_ENABLE_DEBUG_INFO = NO;
				MTL_FAST_MATH = YES;
				SDKROOT = iphoneos;
				SWIFT_COMPILATION_MODE = wholemodule;
				SWIFT_OPTIMIZATION_LEVEL = "-O";
				VALIDATE_PRODUCT = YES;
			};
			name = Release;
		};
		44C3E1BA2938FC2D00B89909 /* Debug */ = {
			isa = XCBuildConfiguration;
			baseConfigurationReference = 681073E38297C8C784324643 /* Pods-OnTheMapV.2.debug.xcconfig */;
			buildSettings = {
				ASSETCATALOG_COMPILER_APPICON_NAME = AppIcon;
				ASSETCATALOG_COMPILER_GLOBAL_ACCENT_COLOR_NAME = AccentColor;
				CODE_SIGN_ENTITLEMENTS = OnTheMapV.2/OnTheMapV.2.entitlements;
				CODE_SIGN_STYLE = Automatic;
				CURRENT_PROJECT_VERSION = 1;
				DEVELOPMENT_TEAM = BFXL43VVT7;
				GENERATE_INFOPLIST_FILE = YES;
				INFOPLIST_FILE = OnTheMapV.2/Info.plist;
				INFOPLIST_KEY_UIApplicationSupportsIndirectInputEvents = YES;
				INFOPLIST_KEY_UILaunchStoryboardName = LaunchScreen;
				INFOPLIST_KEY_UIMainStoryboardFile = Main;
				INFOPLIST_KEY_UISupportedInterfaceOrientations_iPad = "UIInterfaceOrientationPortrait UIInterfaceOrientationPortraitUpsideDown UIInterfaceOrientationLandscapeLeft UIInterfaceOrientationLandscapeRight";
				INFOPLIST_KEY_UISupportedInterfaceOrientations_iPhone = "UIInterfaceOrientationPortrait UIInterfaceOrientationLandscapeLeft UIInterfaceOrientationLandscapeRight";
				LD_RUNPATH_SEARCH_PATHS = (
					"$(inherited)",
					"@executable_path/Frameworks",
				);
				MARKETING_VERSION = 1.0;
				PRODUCT_BUNDLE_IDENTIFIER = "mmairo.OnTheMapV-1";
				PRODUCT_NAME = "$(TARGET_NAME)";
				SWIFT_EMIT_LOC_STRINGS = YES;
				SWIFT_VERSION = 5.0;
				TARGETED_DEVICE_FAMILY = "1,2";
			};
			name = Debug;
		};
		44C3E1BB2938FC2D00B89909 /* Release */ = {
			isa = XCBuildConfiguration;
			baseConfigurationReference = 781E355F1D3F207BBE518962 /* Pods-OnTheMapV.2.release.xcconfig */;
			buildSettings = {
				ASSETCATALOG_COMPILER_APPICON_NAME = AppIcon;
				ASSETCATALOG_COMPILER_GLOBAL_ACCENT_COLOR_NAME = AccentColor;
				CODE_SIGN_ENTITLEMENTS = OnTheMapV.2/OnTheMapV.2.entitlements;
				CODE_SIGN_STYLE = Automatic;
				CURRENT_PROJECT_VERSION = 1;
				DEVELOPMENT_TEAM = BFXL43VVT7;
				GENERATE_INFOPLIST_FILE = YES;
				INFOPLIST_FILE = OnTheMapV.2/Info.plist;
				INFOPLIST_KEY_UIApplicationSupportsIndirectInputEvents = YES;
				INFOPLIST_KEY_UILaunchStoryboardName = LaunchScreen;
				INFOPLIST_KEY_UIMainStoryboardFile = Main;
				INFOPLIST_KEY_UISupportedInterfaceOrientations_iPad = "UIInterfaceOrientationPortrait UIInterfaceOrientationPortraitUpsideDown UIInterfaceOrientationLandscapeLeft UIInterfaceOrientationLandscapeRight";
				INFOPLIST_KEY_UISupportedInterfaceOrientations_iPhone = "UIInterfaceOrientationPortrait UIInterfaceOrientationLandscapeLeft UIInterfaceOrientationLandscapeRight";
				LD_RUNPATH_SEARCH_PATHS = (
					"$(inherited)",
					"@executable_path/Frameworks",
				);
				MARKETING_VERSION = 1.0;
				PRODUCT_BUNDLE_IDENTIFIER = "mmairo.OnTheMapV-1";
				PRODUCT_NAME = "$(TARGET_NAME)";
				SWIFT_EMIT_LOC_STRINGS = YES;
				SWIFT_VERSION = 5.0;
				TARGETED_DEVICE_FAMILY = "1,2";
			};
			name = Release;
		};
/* End XCBuildConfiguration section */

/* Begin XCConfigurationList section */
		44C3E1A02938FC2C00B89909 /* Build configuration list for PBXProject "OnTheMapV.2" */ = {
			isa = XCConfigurationList;
			buildConfigurations = (
				44C3E1B72938FC2D00B89909 /* Debug */,
				44C3E1B82938FC2D00B89909 /* Release */,
			);
			defaultConfigurationIsVisible = 0;
			defaultConfigurationName = Release;
		};
		44C3E1B92938FC2D00B89909 /* Build configuration list for PBXNativeTarget "OnTheMapV.2" */ = {
			isa = XCConfigurationList;
			buildConfigurations = (
				44C3E1BA2938FC2D00B89909 /* Debug */,
				44C3E1BB2938FC2D00B89909 /* Release */,
			);
			defaultConfigurationIsVisible = 0;
			defaultConfigurationName = Release;
		};
/* End XCConfigurationList section */
	};
	rootObject = 44C3E19D2938FC2C00B89909 /* Project object */;
}
