// !$*UTF8*$!
{
	archiveVersion = 1;
	classes = {
	};
	objectVersion = 56;
	objects = {

/* Begin PBXBuildFile section */
		44C3E1A92938FC2C00B89909 /* AppDelegate.swift in Sources */ = {isa = PBXBuildFile; fileRef = 44C3E1A82938FC2C00B89909 /* AppDelegate.swift */; };
		44C3E1AB2938FC2C00B89909 /* SceneDelegate.swift in Sources */ = {isa = PBXBuildFile; fileRef = 44C3E1AA2938FC2C00B89909 /* SceneDelegate.swift */; };
		44C3E1B02938FC2C00B89909 /* Main.storyboard in Resources */ = {isa = PBXBuildFile; fileRef = 44C3E1AE2938FC2C00B89909 /* Main.storyboard */; };
		44C3E1B22938FC2D00B89909 /* Assets.xcassets in Resources */ = {isa = PBXBuildFile; fileRef = 44C3E1B12938FC2D00B89909 /* Assets.xcassets */; };
		44C3E1B52938FC2D00B89909 /* LaunchScreen.storyboard in Resources */ = {isa = PBXBuildFile; fileRef = 44C3E1B32938FC2D00B89909 /* LaunchScreen.storyboard */; };
		44CEA38F293D51DF00E4D8B6 /* StudentLocationResponse.swift in Sources */ = {isa = PBXBuildFile; fileRef = 44CEA38E293D51DF00E4D8B6 /* StudentLocationResponse.swift */; };
		44CEA3D1293E032700E4D8B6 /* LoginViewController.swift in Sources */ = {isa = PBXBuildFile; fileRef = 44CEA3D0293E032700E4D8B6 /* LoginViewController.swift */; };
		44CEA3D3293E264400E4D8B6 /* UIViewController+Extension.swift in Sources */ = {isa = PBXBuildFile; fileRef = 44CEA3D2293E264400E4D8B6 /* UIViewController+Extension.swift */; };
		44CEA3D5293E3BB300E4D8B6 /* ErrorResponse.swift in Sources */ = {isa = PBXBuildFile; fileRef = 44CEA3D4293E3BB300E4D8B6 /* ErrorResponse.swift */; };
		44CEA3D7293E564900E4D8B6 /* LoginRequest.swift in Sources */ = {isa = PBXBuildFile; fileRef = 44CEA3D6293E564900E4D8B6 /* LoginRequest.swift */; };
		44CEA3D9293F702B00E4D8B6 /* SessionResponse.swift in Sources */ = {isa = PBXBuildFile; fileRef = 44CEA3D8293F702B00E4D8B6 /* SessionResponse.swift */; };
		44CEA3DB29409EEA00E4D8B6 /* PublicUserDataResponse.swift in Sources */ = {isa = PBXBuildFile; fileRef = 44CEA3DA29409EEA00E4D8B6 /* PublicUserDataResponse.swift */; };
		44CEA3DD2940F19600E4D8B6 /* LogoutResponse.swift in Sources */ = {isa = PBXBuildFile; fileRef = 44CEA3DC2940F19600E4D8B6 /* LogoutResponse.swift */; };
		44CEA3DF2940F5B000E4D8B6 /* LogoutRequest.swift in Sources */ = {isa = PBXBuildFile; fileRef = 44CEA3DE2940F5B000E4D8B6 /* LogoutRequest.swift */; };
		44D01DBA293B5B0000E99A02 /* StudentInformation.swift in Sources */ = {isa = PBXBuildFile; fileRef = 44D01DB9293B5B0000E99A02 /* StudentInformation.swift */; };
		44D01DBC293B660B00E99A02 /* ProjectSpecification.swift in Sources */ = {isa = PBXBuildFile; fileRef = 44D01DBB293B660B00E99A02 /* ProjectSpecification.swift */; };
		44D01DBE293B6F9E00E99A02 /* StudentInformationModel.swift in Sources */ = {isa = PBXBuildFile; fileRef = 44D01DBD293B6F9E00E99A02 /* StudentInformationModel.swift */; };
		44D01DC0293B79D200E99A02 /* ClientUdacityApi.swift in Sources */ = {isa = PBXBuildFile; fileRef = 44D01DBF293B79D200E99A02 /* ClientUdacityApi.swift */; };
/* End PBXBuildFile section */

/* Begin PBXFileReference section */
		44C3E1A52938FC2C00B89909 /* OnTheMapV.2.app */ = {isa = PBXFileReference; explicitFileType = wrapper.application; includeInIndex = 0; path = OnTheMapV.2.app; sourceTree = BUILT_PRODUCTS_DIR; };
		44C3E1A82938FC2C00B89909 /* AppDelegate.swift */ = {isa = PBXFileReference; lastKnownFileType = sourcecode.swift; path = AppDelegate.swift; sourceTree = "<group>"; };
		44C3E1AA2938FC2C00B89909 /* SceneDelegate.swift */ = {isa = PBXFileReference; lastKnownFileType = sourcecode.swift; path = SceneDelegate.swift; sourceTree = "<group>"; };
		44C3E1AF2938FC2C00B89909 /* Base */ = {isa = PBXFileReference; lastKnownFileType = file.storyboard; name = Base; path = Base.lproj/Main.storyboard; sourceTree = "<group>"; };
		44C3E1B12938FC2D00B89909 /* Assets.xcassets */ = {isa = PBXFileReference; lastKnownFileType = folder.assetcatalog; path = Assets.xcassets; sourceTree = "<group>"; };
		44C3E1B42938FC2D00B89909 /* Base */ = {isa = PBXFileReference; lastKnownFileType = file.storyboard; name = Base; path = Base.lproj/LaunchScreen.storyboard; sourceTree = "<group>"; };
		44C3E1B62938FC2D00B89909 /* Info.plist */ = {isa = PBXFileReference; lastKnownFileType = text.plist.xml; path = Info.plist; sourceTree = "<group>"; };
		44CEA38E293D51DF00E4D8B6 /* StudentLocationResponse.swift */ = {isa = PBXFileReference; lastKnownFileType = sourcecode.swift; path = StudentLocationResponse.swift; sourceTree = "<group>"; };
		44CEA3D0293E032700E4D8B6 /* LoginViewController.swift */ = {isa = PBXFileReference; lastKnownFileType = sourcecode.swift; path = LoginViewController.swift; sourceTree = "<group>"; };
		44CEA3D2293E264400E4D8B6 /* UIViewController+Extension.swift */ = {isa = PBXFileReference; lastKnownFileType = sourcecode.swift; path = "UIViewController+Extension.swift"; sourceTree = "<group>"; };
		44CEA3D4293E3BB300E4D8B6 /* ErrorResponse.swift */ = {isa = PBXFileReference; lastKnownFileType = sourcecode.swift; path = ErrorResponse.swift; sourceTree = "<group>"; };
		44CEA3D6293E564900E4D8B6 /* LoginRequest.swift */ = {isa = PBXFileReference; lastKnownFileType = sourcecode.swift; path = LoginRequest.swift; sourceTree = "<group>"; };
		44CEA3D8293F702B00E4D8B6 /* SessionResponse.swift */ = {isa = PBXFileReference; lastKnownFileType = sourcecode.swift; path = SessionResponse.swift; sourceTree = "<group>"; };
		44CEA3DA29409EEA00E4D8B6 /* PublicUserDataResponse.swift */ = {isa = PBXFileReference; lastKnownFileType = sourcecode.swift; path = PublicUserDataResponse.swift; sourceTree = "<group>"; };
		44CEA3DC2940F19600E4D8B6 /* LogoutResponse.swift */ = {isa = PBXFileReference; lastKnownFileType = sourcecode.swift; path = LogoutResponse.swift; sourceTree = "<group>"; };
		44CEA3DE2940F5B000E4D8B6 /* LogoutRequest.swift */ = {isa = PBXFileReference; lastKnownFileType = sourcecode.swift; path = LogoutRequest.swift; sourceTree = "<group>"; };
		44D01DB9293B5B0000E99A02 /* StudentInformation.swift */ = {isa = PBXFileReference; lastKnownFileType = sourcecode.swift; path = StudentInformation.swift; sourceTree = "<group>"; };
		44D01DBB293B660B00E99A02 /* ProjectSpecification.swift */ = {isa = PBXFileReference; lastKnownFileType = sourcecode.swift; path = ProjectSpecification.swift; sourceTree = "<group>"; };
		44D01DBD293B6F9E00E99A02 /* StudentInformationModel.swift */ = {isa = PBXFileReference; lastKnownFileType = sourcecode.swift; path = StudentInformationModel.swift; sourceTree = "<group>"; };
		44D01DBF293B79D200E99A02 /* ClientUdacityApi.swift */ = {isa = PBXFileReference; lastKnownFileType = sourcecode.swift; path = ClientUdacityApi.swift; sourceTree = "<group>"; };
/* End PBXFileReference section */

/* Begin PBXFrameworksBuildPhase section */
		44C3E1A22938FC2C00B89909 /* Frameworks */ = {
			isa = PBXFrameworksBuildPhase;
			buildActionMask = 2147483647;
			files = (
			);
			runOnlyForDeploymentPostprocessing = 0;
		};
/* End PBXFrameworksBuildPhase section */

/* Begin PBXGroup section */
		44C3E19C2938FC2C00B89909 = {
			isa = PBXGroup;
			children = (
				44C3E1A72938FC2C00B89909 /* OnTheMapV.2 */,
				44C3E1A62938FC2C00B89909 /* Products */,
			);
			sourceTree = "<group>";
		};
		44C3E1A62938FC2C00B89909 /* Products */ = {
			isa = PBXGroup;
			children = (
				44C3E1A52938FC2C00B89909 /* OnTheMapV.2.app */,
			);
			name = Products;
			sourceTree = "<group>";
		};
		44C3E1A72938FC2C00B89909 /* OnTheMapV.2 */ = {
			isa = PBXGroup;
			children = (
				44C3E1A82938FC2C00B89909 /* AppDelegate.swift */,
				44C3E1AA2938FC2C00B89909 /* SceneDelegate.swift */,
				44D01DB1293B51ED00E99A02 /* MODEL */,
				44D01DB2293B521400E99A02 /* VIEW */,
				44D01DB3293B522C00E99A02 /* CONTROLLER */,
				44C3E1B12938FC2D00B89909 /* Assets.xcassets */,
				44C3E1B32938FC2D00B89909 /* LaunchScreen.storyboard */,
				44C3E1B62938FC2D00B89909 /* Info.plist */,
				44D01DBB293B660B00E99A02 /* ProjectSpecification.swift */,
			);
			path = OnTheMapV.2;
			sourceTree = "<group>";
		};
		44D01DB1293B51ED00E99A02 /* MODEL */ = {
			isa = PBXGroup;
			children = (
				44D01DB4293B573B00E99A02 /* Data */,
				44D01DB6293B579E00E99A02 /* ClientUdacityApi */,
				44D01DB7293B57C100E99A02 /* RequestsUdacityApi */,
				44D01DB8293B580400E99A02 /* ResponsesUdacityApi */,
			);
			path = MODEL;
			sourceTree = "<group>";
		};
		44D01DB2293B521400E99A02 /* VIEW */ = {
			isa = PBXGroup;
			children = (
				44C3E1AE2938FC2C00B89909 /* Main.storyboard */,
			);
			path = VIEW;
			sourceTree = "<group>";
		};
		44D01DB3293B522C00E99A02 /* CONTROLLER */ = {
			isa = PBXGroup;
			children = (
				44CEA3D0293E032700E4D8B6 /* LoginViewController.swift */,
				44CEA3D2293E264400E4D8B6 /* UIViewController+Extension.swift */,
			);
			path = CONTROLLER;
			sourceTree = "<group>";
		};
		44D01DB4293B573B00E99A02 /* Data */ = {
			isa = PBXGroup;
			children = (
				44D01DBD293B6F9E00E99A02 /* StudentInformationModel.swift */,
			);
			path = Data;
			sourceTree = "<group>";
		};
		44D01DB6293B579E00E99A02 /* ClientUdacityApi */ = {
			isa = PBXGroup;
			children = (
				44D01DBF293B79D200E99A02 /* ClientUdacityApi.swift */,
			);
			path = ClientUdacityApi;
			sourceTree = "<group>";
		};
		44D01DB7293B57C100E99A02 /* RequestsUdacityApi */ = {
			isa = PBXGroup;
			children = (
				44CEA3D6293E564900E4D8B6 /* LoginRequest.swift */,
				44CEA3DE2940F5B000E4D8B6 /* LogoutRequest.swift */,
			);
			path = RequestsUdacityApi;
			sourceTree = "<group>";
		};
		44D01DB8293B580400E99A02 /* ResponsesUdacityApi */ = {
			isa = PBXGroup;
			children = (
				44D01DB9293B5B0000E99A02 /* StudentInformation.swift */,
				44CEA38E293D51DF00E4D8B6 /* StudentLocationResponse.swift */,
				44CEA3D4293E3BB300E4D8B6 /* ErrorResponse.swift */,
				44CEA3D8293F702B00E4D8B6 /* SessionResponse.swift */,
				44CEA3DA29409EEA00E4D8B6 /* PublicUserDataResponse.swift */,
				44CEA3DC2940F19600E4D8B6 /* LogoutResponse.swift */,
			);
			path = ResponsesUdacityApi;
			sourceTree = "<group>";
		};
/* End PBXGroup section */

/* Begin PBXNativeTarget section */
		44C3E1A42938FC2C00B89909 /* OnTheMapV.2 */ = {
			isa = PBXNativeTarget;
			buildConfigurationList = 44C3E1B92938FC2D00B89909 /* Build configuration list for PBXNativeTarget "OnTheMapV.2" */;
			buildPhases = (
				44C3E1A12938FC2C00B89909 /* Sources */,
				44C3E1A22938FC2C00B89909 /* Frameworks */,
				44C3E1A32938FC2C00B89909 /* Resources */,
			);
			buildRules = (
			);
			dependencies = (
			);
			name = OnTheMapV.2;
			productName = OnTheMapV.1;
			productReference = 44C3E1A52938FC2C00B89909 /* OnTheMapV.2.app */;
			productType = "com.apple.product-type.application";
		};
/* End PBXNativeTarget section */

/* Begin PBXProject section */
		44C3E19D2938FC2C00B89909 /* Project object */ = {
			isa = PBXProject;
			attributes = {
				BuildIndependentTargetsInParallel = 1;
				LastSwiftUpdateCheck = 1410;
				LastUpgradeCheck = 1410;
				TargetAttributes = {
					44C3E1A42938FC2C00B89909 = {
						CreatedOnToolsVersion = 14.1;
					};
				};
			};
			buildConfigurationList = 44C3E1A02938FC2C00B89909 /* Build configuration list for PBXProject "OnTheMapV.2" */;
			compatibilityVersion = "Xcode 14.0";
			developmentRegion = en;
			hasScannedForEncodings = 0;
			knownRegions = (
				en,
				Base,
			);
			mainGroup = 44C3E19C2938FC2C00B89909;
			productRefGroup = 44C3E1A62938FC2C00B89909 /* Products */;
			projectDirPath = "";
			projectRoot = "";
			targets = (
				44C3E1A42938FC2C00B89909 /* OnTheMapV.2 */,
			);
		};
/* End PBXProject section */

/* Begin PBXResourcesBuildPhase section */
		44C3E1A32938FC2C00B89909 /* Resources */ = {
			isa = PBXResourcesBuildPhase;
			buildActionMask = 2147483647;
			files = (
				44C3E1B52938FC2D00B89909 /* LaunchScreen.storyboard in Resources */,
				44C3E1B22938FC2D00B89909 /* Assets.xcassets in Resources */,
				44C3E1B02938FC2C00B89909 /* Main.storyboard in Resources */,
			);
			runOnlyForDeploymentPostprocessing = 0;
		};
/* End PBXResourcesBuildPhase section */

/* Begin PBXSourcesBuildPhase section */
		44C3E1A12938FC2C00B89909 /* Sources */ = {
			isa = PBXSourcesBuildPhase;
			buildActionMask = 2147483647;
			files = (
				44CEA3D3293E264400E4D8B6 /* UIViewController+Extension.swift in Sources */,
				44CEA3DB29409EEA00E4D8B6 /* PublicUserDataResponse.swift in Sources */,
				44CEA3D1293E032700E4D8B6 /* LoginViewController.swift in Sources */,
				44C3E1A92938FC2C00B89909 /* AppDelegate.swift in Sources */,
				44CEA3DD2940F19600E4D8B6 /* LogoutResponse.swift in Sources */,
				44D01DC0293B79D200E99A02 /* ClientUdacityApi.swift in Sources */,
				44D01DBE293B6F9E00E99A02 /* StudentInformationModel.swift in Sources */,
				44CEA3D5293E3BB300E4D8B6 /* ErrorResponse.swift in Sources */,
				44D01DBC293B660B00E99A02 /* ProjectSpecification.swift in Sources */,
				44C3E1AB2938FC2C00B89909 /* SceneDelegate.swift in Sources */,
				44CEA3DF2940F5B000E4D8B6 /* LogoutRequest.swift in Sources */,
				44D01DBA293B5B0000E99A02 /* StudentInformation.swift in Sources */,
				44CEA38F293D51DF00E4D8B6 /* StudentLocationResponse.swift in Sources */,
				44CEA3D7293E564900E4D8B6 /* LoginRequest.swift in Sources */,
				44CEA3D9293F702B00E4D8B6 /* SessionResponse.swift in Sources */,
			);
			runOnlyForDeploymentPostprocessing = 0;
		};
/* End PBXSourcesBuildPhase section */

/* Begin PBXVariantGroup section */
		44C3E1AE2938FC2C00B89909 /* Main.storyboard */ = {
			isa = PBXVariantGroup;
			children = (
				44C3E1AF2938FC2C00B89909 /* Base */,
			);
			name = Main.storyboard;
			sourceTree = "<group>";
		};
		44C3E1B32938FC2D00B89909 /* LaunchScreen.storyboard */ = {
			isa = PBXVariantGroup;
			children = (
				44C3E1B42938FC2D00B89909 /* Base */,
			);
			name = LaunchScreen.storyboard;
			sourceTree = "<group>";
		};
/* End PBXVariantGroup section */

/* Begin XCBuildConfiguration section */
		44C3E1B72938FC2D00B89909 /* Debug */ = {
			isa = XCBuildConfiguration;
			buildSettings = {
				ALWAYS_SEARCH_USER_PATHS = NO;
				CLANG_ANALYZER_NONNULL = YES;
				CLANG_ANALYZER_NUMBER_OBJECT_CONVERSION = YES_AGGRESSIVE;
				CLANG_CXX_LANGUAGE_STANDARD = "gnu++20";
				CLANG_ENABLE_MODULES = YES;
				CLANG_ENABLE_OBJC_ARC = YES;
				CLANG_ENABLE_OBJC_WEAK = YES;
				CLANG_WARN_BLOCK_CAPTURE_AUTORELEASING = YES;
				CLANG_WARN_BOOL_CONVERSION = YES;
				CLANG_WARN_COMMA = YES;
				CLANG_WARN_CONSTANT_CONVERSION = YES;
				CLANG_WARN_DEPRECATED_OBJC_IMPLEMENTATIONS = YES;
				CLANG_WARN_DIRECT_OBJC_ISA_USAGE = YES_ERROR;
				CLANG_WARN_DOCUMENTATION_COMMENTS = YES;
				CLANG_WARN_EMPTY_BODY = YES;
				CLANG_WARN_ENUM_CONVERSION = YES;
				CLANG_WARN_INFINITE_RECURSION = YES;
				CLANG_WARN_INT_CONVERSION = YES;
				CLANG_WARN_NON_LITERAL_NULL_CONVERSION = YES;
				CLANG_WARN_OBJC_IMPLICIT_RETAIN_SELF = YES;
				CLANG_WARN_OBJC_LITERAL_CONVERSION = YES;
				CLANG_WARN_OBJC_ROOT_CLASS = YES_ERROR;
				CLANG_WARN_QUOTED_INCLUDE_IN_FRAMEWORK_HEADER = YES;
				CLANG_WARN_RANGE_LOOP_ANALYSIS = YES;
				CLANG_WARN_STRICT_PROTOTYPES = YES;
				CLANG_WARN_SUSPICIOUS_MOVE = YES;
				CLANG_WARN_UNGUARDED_AVAILABILITY = YES_AGGRESSIVE;
				CLANG_WARN_UNREACHABLE_CODE = YES;
				CLANG_WARN__DUPLICATE_METHOD_MATCH = YES;
				COPY_PHASE_STRIP = NO;
				DEBUG_INFORMATION_FORMAT = dwarf;
				ENABLE_STRICT_OBJC_MSGSEND = YES;
				ENABLE_TESTABILITY = YES;
				GCC_C_LANGUAGE_STANDARD = gnu11;
				GCC_DYNAMIC_NO_PIC = NO;
				GCC_NO_COMMON_BLOCKS = YES;
				GCC_OPTIMIZATION_LEVEL = 0;
				GCC_PREPROCESSOR_DEFINITIONS = (
					"DEBUG=1",
					"$(inherited)",
				);
				GCC_WARN_64_TO_32_BIT_CONVERSION = YES;
				GCC_WARN_ABOUT_RETURN_TYPE = YES_ERROR;
				GCC_WARN_UNDECLARED_SELECTOR = YES;
				GCC_WARN_UNINITIALIZED_AUTOS = YES_AGGRESSIVE;
				GCC_WARN_UNUSED_FUNCTION = YES;
				GCC_WARN_UNUSED_VARIABLE = YES;
				IPHONEOS_DEPLOYMENT_TARGET = 16.1;
				MTL_ENABLE_DEBUG_INFO = INCLUDE_SOURCE;
				MTL_FAST_MATH = YES;
				ONLY_ACTIVE_ARCH = YES;
				SDKROOT = iphoneos;
				SWIFT_ACTIVE_COMPILATION_CONDITIONS = DEBUG;
				SWIFT_OPTIMIZATION_LEVEL = "-Onone";
			};
			name = Debug;
		};
		44C3E1B82938FC2D00B89909 /* Release */ = {
			isa = XCBuildConfiguration;
			buildSettings = {
				ALWAYS_SEARCH_USER_PATHS = NO;
				CLANG_ANALYZER_NONNULL = YES;
				CLANG_ANALYZER_NUMBER_OBJECT_CONVERSION = YES_AGGRESSIVE;
				CLANG_CXX_LANGUAGE_STANDARD = "gnu++20";
				CLANG_ENABLE_MODULES = YES;
				CLANG_ENABLE_OBJC_ARC = YES;
				CLANG_ENABLE_OBJC_WEAK = YES;
				CLANG_WARN_BLOCK_CAPTURE_AUTORELEASING = YES;
				CLANG_WARN_BOOL_CONVERSION = YES;
				CLANG_WARN_COMMA = YES;
				CLANG_WARN_CONSTANT_CONVERSION = YES;
				CLANG_WARN_DEPRECATED_OBJC_IMPLEMENTATIONS = YES;
				CLANG_WARN_DIRECT_OBJC_ISA_USAGE = YES_ERROR;
				CLANG_WARN_DOCUMENTATION_COMMENTS = YES;
				CLANG_WARN_EMPTY_BODY = YES;
				CLANG_WARN_ENUM_CONVERSION = YES;
				CLANG_WARN_INFINITE_RECURSION = YES;
				CLANG_WARN_INT_CONVERSION = YES;
				CLANG_WARN_NON_LITERAL_NULL_CONVERSION = YES;
				CLANG_WARN_OBJC_IMPLICIT_RETAIN_SELF = YES;
				CLANG_WARN_OBJC_LITERAL_CONVERSION = YES;
				CLANG_WARN_OBJC_ROOT_CLASS = YES_ERROR;
				CLANG_WARN_QUOTED_INCLUDE_IN_FRAMEWORK_HEADER = YES;
				CLANG_WARN_RANGE_LOOP_ANALYSIS = YES;
				CLANG_WARN_STRICT_PROTOTYPES = YES;
				CLANG_WARN_SUSPICIOUS_MOVE = YES;
				CLANG_WARN_UNGUARDED_AVAILABILITY = YES_AGGRESSIVE;
				CLANG_WARN_UNREACHABLE_CODE = YES;
				CLANG_WARN__DUPLICATE_METHOD_MATCH = YES;
				COPY_PHASE_STRIP = NO;
				DEBUG_INFORMATION_FORMAT = "dwarf-with-dsym";
				ENABLE_NS_ASSERTIONS = NO;
				ENABLE_STRICT_OBJC_MSGSEND = YES;
				GCC_C_LANGUAGE_STANDARD = gnu11;
				GCC_NO_COMMON_BLOCKS = YES;
				GCC_WARN_64_TO_32_BIT_CONVERSION = YES;
				GCC_WARN_ABOUT_RETURN_TYPE = YES_ERROR;
				GCC_WARN_UNDECLARED_SELECTOR = YES;
				GCC_WARN_UNINITIALIZED_AUTOS = YES_AGGRESSIVE;
				GCC_WARN_UNUSED_FUNCTION = YES;
				GCC_WARN_UNUSED_VARIABLE = YES;
				IPHONEOS_DEPLOYMENT_TARGET = 16.1;
				MTL_ENABLE_DEBUG_INFO = NO;
				MTL_FAST_MATH = YES;
				SDKROOT = iphoneos;
				SWIFT_COMPILATION_MODE = wholemodule;
				SWIFT_OPTIMIZATION_LEVEL = "-O";
				VALIDATE_PRODUCT = YES;
			};
			name = Release;
		};
		44C3E1BA2938FC2D00B89909 /* Debug */ = {
			isa = XCBuildConfiguration;
			buildSettings = {
				ASSETCATALOG_COMPILER_APPICON_NAME = AppIcon;
				ASSETCATALOG_COMPILER_GLOBAL_ACCENT_COLOR_NAME = AccentColor;
				CODE_SIGN_STYLE = Automatic;
				CURRENT_PROJECT_VERSION = 1;
				DEVELOPMENT_TEAM = BFXL43VVT7;
				GENERATE_INFOPLIST_FILE = YES;
				INFOPLIST_FILE = OnTheMapV.2/Info.plist;
				INFOPLIST_KEY_UIApplicationSupportsIndirectInputEvents = YES;
				INFOPLIST_KEY_UILaunchStoryboardName = LaunchScreen;
				INFOPLIST_KEY_UIMainStoryboardFile = Main;
				INFOPLIST_KEY_UISupportedInterfaceOrientations_iPad = "UIInterfaceOrientationPortrait UIInterfaceOrientationPortraitUpsideDown UIInterfaceOrientationLandscapeLeft UIInterfaceOrientationLandscapeRight";
				INFOPLIST_KEY_UISupportedInterfaceOrientations_iPhone = "UIInterfaceOrientationPortrait UIInterfaceOrientationLandscapeLeft UIInterfaceOrientationLandscapeRight";
				LD_RUNPATH_SEARCH_PATHS = (
					"$(inherited)",
					"@executable_path/Frameworks",
				);
				MARKETING_VERSION = 1.0;
				PRODUCT_BUNDLE_IDENTIFIER = "mmairo.OnTheMapV-1";
				PRODUCT_NAME = "$(TARGET_NAME)";
				SWIFT_EMIT_LOC_STRINGS = YES;
				SWIFT_VERSION = 5.0;
				TARGETED_DEVICE_FAMILY = "1,2";
			};
			name = Debug;
		};
		44C3E1BB2938FC2D00B89909 /* Release */ = {
			isa = XCBuildConfiguration;
			buildSettings = {
				ASSETCATALOG_COMPILER_APPICON_NAME = AppIcon;
				ASSETCATALOG_COMPILER_GLOBAL_ACCENT_COLOR_NAME = AccentColor;
				CODE_SIGN_STYLE = Automatic;
				CURRENT_PROJECT_VERSION = 1;
				DEVELOPMENT_TEAM = BFXL43VVT7;
				GENERATE_INFOPLIST_FILE = YES;
				INFOPLIST_FILE = OnTheMapV.2/Info.plist;
				INFOPLIST_KEY_UIApplicationSupportsIndirectInputEvents = YES;
				INFOPLIST_KEY_UILaunchStoryboardName = LaunchScreen;
				INFOPLIST_KEY_UIMainStoryboardFile = Main;
				INFOPLIST_KEY_UISupportedInterfaceOrientations_iPad = "UIInterfaceOrientationPortrait UIInterfaceOrientationPortraitUpsideDown UIInterfaceOrientationLandscapeLeft UIInterfaceOrientationLandscapeRight";
				INFOPLIST_KEY_UISupportedInterfaceOrientations_iPhone = "UIInterfaceOrientationPortrait UIInterfaceOrientationLandscapeLeft UIInterfaceOrientationLandscapeRight";
				LD_RUNPATH_SEARCH_PATHS = (
					"$(inherited)",
					"@executable_path/Frameworks",
				);
				MARKETING_VERSION = 1.0;
				PRODUCT_BUNDLE_IDENTIFIER = "mmairo.OnTheMapV-1";
				PRODUCT_NAME = "$(TARGET_NAME)";
				SWIFT_EMIT_LOC_STRINGS = YES;
				SWIFT_VERSION = 5.0;
				TARGETED_DEVICE_FAMILY = "1,2";
			};
			name = Release;
		};
/* End XCBuildConfiguration section */

/* Begin XCConfigurationList section */
		44C3E1A02938FC2C00B89909 /* Build configuration list for PBXProject "OnTheMapV.2" */ = {
			isa = XCConfigurationList;
			buildConfigurations = (
				44C3E1B72938FC2D00B89909 /* Debug */,
				44C3E1B82938FC2D00B89909 /* Release */,
			);
			defaultConfigurationIsVisible = 0;
			defaultConfigurationName = Release;
		};
		44C3E1B92938FC2D00B89909 /* Build configuration list for PBXNativeTarget "OnTheMapV.2" */ = {
			isa = XCConfigurationList;
			buildConfigurations = (
				44C3E1BA2938FC2D00B89909 /* Debug */,
				44C3E1BB2938FC2D00B89909 /* Release */,
			);
			defaultConfigurationIsVisible = 0;
			defaultConfigurationName = Release;
		};
/* End XCConfigurationList section */
	};
	rootObject = 44C3E19D2938FC2C00B89909 /* Project object */;
}
